
Microsoft Visual Studio Solution File, Format Version 12.00
# Visual Studio Version 18
VisualStudioVersion = 18.0.11201.2
MinimumVisualStudioVersion = 10.0.40219.1
Project("{FAE04EC0-301F-11D3-BF4B-00C04F79EFBC}") = "API-Restful", "API-Restful\API-Restful.csproj", "{9182F4F6-2EC8-4F7E-A7AD-16D53CC6F980}"
EndProject
Project("{FAE04EC0-301F-11D3-BF4B-00C04F79EFBC}") = "API_Restful.Tests", "API_Restful.Tests\API_Restful.Tests.csproj", "{D2A0E120-9E53-4B91-B1C3-0CA438E2B33B}"
EndProject
Project("{E53339B2-1760-4266-BCC7-CA923CBCF16C}") = "docker-compose", "docker-compose.dcproj", "{81DDED9D-158B-E303-5F62-77A2896D2A5A}"
EndProject
Global
	GlobalSection(SolutionConfigurationPlatforms) = preSolution
		Debug|Any CPU = Debug|Any CPU
		Release|Any CPU = Release|Any CPU
	EndGlobalSection
	GlobalSection(ProjectConfigurationPlatforms) = postSolution
		{9182F4F6-2EC8-4F7E-A7AD-16D53CC6F980}.Debug|Any CPU.ActiveCfg = Debug|Any CPU
		{9182F4F6-2EC8-4F7E-A7AD-16D53CC6F980}.Debug|Any CPU.Build.0 = Debug|Any CPU
		{9182F4F6-2EC8-4F7E-A7AD-16D53CC6F980}.Release|Any CPU.ActiveCfg = Release|Any CPU
		{9182F4F6-2EC8-4F7E-A7AD-16D53CC6F980}.Release|Any CPU.Build.0 = Release|Any CPU
		{D2A0E120-9E53-4B91-B1C3-0CA438E2B33B}.Debug|Any CPU.ActiveCfg = Debug|Any CPU
		{D2A0E120-9E53-4B91-B1C3-0CA438E2B33B}.Debug|Any CPU.Build.0 = Debug|Any CPU
		{D2A0E120-9E53-4B91-B1C3-0CA438E2B33B}.Release|Any CPU.ActiveCfg = Release|Any CPU
		{D2A0E120-9E53-4B91-B1C3-0CA438E2B33B}.Release|Any CPU.Build.0 = Release|Any CPU
		{81DDED9D-158B-E303-5F62-77A2896D2A5A}.Debug|Any CPU.ActiveCfg = Debug|Any CPU
		{81DDED9D-158B-E303-5F62-77A2896D2A5A}.Debug|Any CPU.Build.0 = Debug|Any CPU
		{81DDED9D-158B-E303-5F62-77A2896D2A5A}.Release|Any CPU.ActiveCfg = Release|Any CPU
		{81DDED9D-158B-E303-5F62-77A2896D2A5A}.Release|Any CPU.Build.0 = Release|Any CPU
	EndGlobalSection
	GlobalSection(SolutionProperties) = preSolution
		HideSolutionNode = FALSE
	EndGlobalSection
	GlobalSection(ExtensibilityGlobals) = postSolution
		SolutionGuid = {25BF9C6E-3078-4B5F-8703-7DD76E0E7E6F}
	EndGlobalSection
EndGlobal
